// !$*UTF8*$!
{
	archiveVersion = 1;
	classes = {
	};
	objectVersion = 50;
	objects = {

/* Begin PBXBuildFile section */
		2D9A5C8B2721830900C26735 /* AppDelegate.swift in Sources */ = {isa = PBXBuildFile; fileRef = 2D9A5C8A2721830900C26735 /* AppDelegate.swift */; };
		2D9A5C8D2721830900C26735 /* SceneDelegate.swift in Sources */ = {isa = PBXBuildFile; fileRef = 2D9A5C8C2721830900C26735 /* SceneDelegate.swift */; };
		2D9A5C922721830900C26735 /* Main.storyboard in Resources */ = {isa = PBXBuildFile; fileRef = 2D9A5C902721830900C26735 /* Main.storyboard */; };
		2D9A5C942721830A00C26735 /* Assets.xcassets in Resources */ = {isa = PBXBuildFile; fileRef = 2D9A5C932721830A00C26735 /* Assets.xcassets */; };
		2D9A5C972721830A00C26735 /* LaunchScreen.storyboard in Resources */ = {isa = PBXBuildFile; fileRef = 2D9A5C952721830A00C26735 /* LaunchScreen.storyboard */; };
		2D9A5CA3272185E500C26735 /* YoutubeTableViewController.swift in Sources */ = {isa = PBXBuildFile; fileRef = 2D9A5CA2272185E500C26735 /* YoutubeTableViewController.swift */; };
		2D9A5CA5272185F500C26735 /* YoutubeTableViewCell.swift in Sources */ = {isa = PBXBuildFile; fileRef = 2D9A5CA4272185F500C26735 /* YoutubeTableViewCell.swift */; };
		2D9A5CA72721870800C26735 /* YT JSON.swift in Sources */ = {isa = PBXBuildFile; fileRef = 2D9A5CA62721870800C26735 /* YT JSON.swift */; };
		2D9A5CA927219CCA00C26735 /* YTWebViewController.swift in Sources */ = {isa = PBXBuildFile; fileRef = 2D9A5CA827219CCA00C26735 /* YTWebViewController.swift */; };
/* End PBXBuildFile section */

/* Begin PBXFileReference section */
		2D9A5C872721830900C26735 /* Swift Practice # 98 Maroon5 YT Test.app */ = {isa = PBXFileReference; explicitFileType = wrapper.application; includeInIndex = 0; path = "Swift Practice # 98 Maroon5 YT Test.app"; sourceTree = BUILT_PRODUCTS_DIR; };
		2D9A5C8A2721830900C26735 /* AppDelegate.swift */ = {isa = PBXFileReference; lastKnownFileType = sourcecode.swift; path = AppDelegate.swift; sourceTree = "<group>"; };
		2D9A5C8C2721830900C26735 /* SceneDelegate.swift */ = {isa = PBXFileReference; lastKnownFileType = sourcecode.swift; path = SceneDelegate.swift; sourceTree = "<group>"; };
		2D9A5C912721830900C26735 /* Base */ = {isa = PBXFileReference; lastKnownFileType = file.storyboard; name = Base; path = Base.lproj/Main.storyboard; sourceTree = "<group>"; };
		2D9A5C932721830A00C26735 /* Assets.xcassets */ = {isa = PBXFileReference; lastKnownFileType = folder.assetcatalog; path = Assets.xcassets; sourceTree = "<group>"; };
		2D9A5C962721830A00C26735 /* Base */ = {isa = PBXFileReference; lastKnownFileType = file.storyboard; name = Base; path = Base.lproj/LaunchScreen.storyboard; sourceTree = "<group>"; };
		2D9A5C982721830A00C26735 /* Info.plist */ = {isa = PBXFileReference; lastKnownFileType = text.plist.xml; path = Info.plist; sourceTree = "<group>"; };
		2D9A5CA2272185E500C26735 /* YoutubeTableViewController.swift */ = {isa = PBXFileReference; lastKnownFileType = sourcecode.swift; path = YoutubeTableViewController.swift; sourceTree = "<group>"; };
		2D9A5CA4272185F500C26735 /* YoutubeTableViewCell.swift */ = {isa = PBXFileReference; lastKnownFileType = sourcecode.swift; path = YoutubeTableViewCell.swift; sourceTree = "<group>"; };
		2D9A5CA62721870800C26735 /* YT JSON.swift */ = {isa = PBXFileReference; lastKnownFileType = sourcecode.swift; path = "YT JSON.swift"; sourceTree = "<group>"; };
		2D9A5CA827219CCA00C26735 /* YTWebViewController.swift */ = {isa = PBXFileReference; lastKnownFileType = sourcecode.swift; path = YTWebViewController.swift; sourceTree = "<group>"; };
/* End PBXFileReference section */

/* Begin PBXFrameworksBuildPhase section */
		2D9A5C842721830900C26735 /* Frameworks */ = {
			isa = PBXFrameworksBuildPhase;
			buildActionMask = 2147483647;
			files = (
			);
			runOnlyForDeploymentPostprocessing = 0;
		};
/* End PBXFrameworksBuildPhase section */

/* Begin PBXGroup section */
		2D9A5C7E2721830800C26735 = {
			isa = PBXGroup;
			children = (
				2D9A5C892721830900C26735 /* Swift Practice # 98 Maroon5 YT Test */,
				2D9A5C882721830900C26735 /* Products */,
			);
			sourceTree = "<group>";
		};
		2D9A5C882721830900C26735 /* Products */ = {
			isa = PBXGroup;
			children = (
				2D9A5C872721830900C26735 /* Swift Practice # 98 Maroon5 YT Test.app */,
			);
			name = Products;
			sourceTree = "<group>";
		};
		2D9A5C892721830900C26735 /* Swift Practice # 98 Maroon5 YT Test */ = {
			isa = PBXGroup;
			children = (
				2D9A5C8A2721830900C26735 /* AppDelegate.swift */,
				2D9A5C8C2721830900C26735 /* SceneDelegate.swift */,
				2D9A5CAC27219CF500C26735 /* JSON */,
				2D9A5CAB27219CDE00C26735 /* TableView */,
				2D9A5CAA27219CD500C26735 /* Web */,
				2D9A5C902721830900C26735 /* Main.storyboard */,
				2D9A5C932721830A00C26735 /* Assets.xcassets */,
				2D9A5C952721830A00C26735 /* LaunchScreen.storyboard */,
				2D9A5C982721830A00C26735 /* Info.plist */,
			);
			path = "Swift Practice # 98 Maroon5 YT Test";
			sourceTree = "<group>";
		};
		2D9A5CAA27219CD500C26735 /* Web */ = {
			isa = PBXGroup;
			children = (
				2D9A5CA827219CCA00C26735 /* YTWebViewController.swift */,
			);
			path = Web;
			sourceTree = "<group>";
		};
		2D9A5CAB27219CDE00C26735 /* TableView */ = {
			isa = PBXGroup;
			children = (
				2D9A5CA2272185E500C26735 /* YoutubeTableViewController.swift */,
				2D9A5CA4272185F500C26735 /* YoutubeTableViewCell.swift */,
			);
			path = TableView;
			sourceTree = "<group>";
		};
		2D9A5CAC27219CF500C26735 /* JSON */ = {
			isa = PBXGroup;
			children = (
				2D9A5CA62721870800C26735 /* YT JSON.swift */,
			);
			path = JSON;
			sourceTree = "<group>";
		};
/* End PBXGroup section */

/* Begin PBXNativeTarget section */
		2D9A5C862721830900C26735 /* Swift Practice # 98 Maroon5 YT Test */ = {
			isa = PBXNativeTarget;
			buildConfigurationList = 2D9A5C9B2721830A00C26735 /* Build configuration list for PBXNativeTarget "Swift Practice # 98 Maroon5 YT Test" */;
			buildPhases = (
				2D9A5C832721830900C26735 /* Sources */,
				2D9A5C842721830900C26735 /* Frameworks */,
				2D9A5C852721830900C26735 /* Resources */,
			);
			buildRules = (
			);
			dependencies = (
			);
			name = "Swift Practice # 98 Maroon5 YT Test";
			productName = "Swift Practice # 98 Maroon5 YT Test";
			productReference = 2D9A5C872721830900C26735 /* Swift Practice # 98 Maroon5 YT Test.app */;
			productType = "com.apple.product-type.application";
		};
/* End PBXNativeTarget section */

/* Begin PBXProject section */
		2D9A5C7F2721830800C26735 /* Project object */ = {
			isa = PBXProject;
			attributes = {
				LastSwiftUpdateCheck = 1250;
				LastUpgradeCheck = 1250;
				TargetAttributes = {
					2D9A5C862721830900C26735 = {
						CreatedOnToolsVersion = 12.5.1;
					};
				};
			};
			buildConfigurationList = 2D9A5C822721830800C26735 /* Build configuration list for PBXProject "Swift Practice # 98 Maroon5 YT Test" */;
			compatibilityVersion = "Xcode 9.3";
			developmentRegion = en;
			hasScannedForEncodings = 0;
			knownRegions = (
				en,
				Base,
			);
			mainGroup = 2D9A5C7E2721830800C26735;
			productRefGroup = 2D9A5C882721830900C26735 /* Products */;
			projectDirPath = "";
			projectRoot = "";
			targets = (
				2D9A5C862721830900C26735 /* Swift Practice # 98 Maroon5 YT Test */,
			);
		};
/* End PBXProject section */

/* Begin PBXResourcesBuildPhase section */
		2D9A5C852721830900C26735 /* Resources */ = {
			isa = PBXResourcesBuildPhase;
			buildActionMask = 2147483647;
			files = (
				2D9A5C972721830A00C26735 /* LaunchScreen.storyboard in Resources */,
				2D9A5C942721830A00C26735 /* Assets.xcassets in Resources */,
				2D9A5C922721830900C26735 /* Main.storyboard in Resources */,
			);
			runOnlyForDeploymentPostprocessing = 0;
		};
/* End PBXResourcesBuildPhase section */

/* Begin PBXSourcesBuildPhase section */
		2D9A5C832721830900C26735 /* Sources */ = {
			isa = PBXSourcesBuildPhase;
			buildActionMask = 2147483647;
			files = (
				2D9A5C8B2721830900C26735 /* AppDelegate.swift in Sources */,
				2D9A5CA72721870800C26735 /* YT JSON.swift in Sources */,
				2D9A5CA5272185F500C26735 /* YoutubeTableViewCell.swift in Sources */,
				2D9A5C8D2721830900C26735 /* SceneDelegate.swift in Sources */,
				2D9A5CA927219CCA00C26735 /* YTWebViewController.swift in Sources */,
				2D9A5CA3272185E500C26735 /* YoutubeTableViewController.swift in Sources */,
			);
			runOnlyForDeploymentPostprocessing = 0;
		};
/* End PBXSourcesBuildPhase section */

/* Begin PBXVariantGroup section */
		2D9A5C902721830900C26735 /* Main.storyboard */ = {
			isa = PBXVariantGroup;
			children = (
				2D9A5C912721830900C26735 /* Base */,
			);
			name = Main.storyboard;
			sourceTree = "<group>";
		};
		2D9A5C952721830A00C26735 /* LaunchScreen.storyboard */ = {
			isa = PBXVariantGroup;
			children = (
				2D9A5C962721830A00C26735 /* Base */,
			);
			name = LaunchScreen.storyboard;
			sourceTree = "<group>";
		};
/* End PBXVariantGroup section */

/* Begin XCBuildConfiguration section */
		2D9A5C992721830A00C26735 /* Debug */ = {
			isa = XCBuildConfiguration;
			buildSettings = {
				ALWAYS_SEARCH_USER_PATHS = NO;
				CLANG_ANALYZER_NONNULL = YES;
				CLANG_ANALYZER_NUMBER_OBJECT_CONVERSION = YES_AGGRESSIVE;
				CLANG_CXX_LANGUAGE_STANDARD = "gnu++14";
				CLANG_CXX_LIBRARY = "libc++";
				CLANG_ENABLE_MODULES = YES;
				CLANG_ENABLE_OBJC_ARC = YES;
				CLANG_ENABLE_OBJC_WEAK = YES;
				CLANG_WARN_BLOCK_CAPTURE_AUTORELEASING = YES;
				CLANG_WARN_BOOL_CONVERSION = YES;
				CLANG_WARN_COMMA = YES;
				CLANG_WARN_CONSTANT_CONVERSION = YES;
				CLANG_WARN_DEPRECATED_OBJC_IMPLEMENTATIONS = YES;
				CLANG_WARN_DIRECT_OBJC_ISA_USAGE = YES_ERROR;
				CLANG_WARN_DOCUMENTATION_COMMENTS = YES;
				CLANG_WARN_EMPTY_BODY = YES;
				CLANG_WARN_ENUM_CONVERSION = YES;
				CLANG_WARN_INFINITE_RECURSION = YES;
				CLANG_WARN_INT_CONVERSION = YES;
				CLANG_WARN_NON_LITERAL_NULL_CONVERSION = YES;
				CLANG_WARN_OBJC_IMPLICIT_RETAIN_SELF = YES;
				CLANG_WARN_OBJC_LITERAL_CONVERSION = YES;
				CLANG_WARN_OBJC_ROOT_CLASS = YES_ERROR;
				CLANG_WARN_QUOTED_INCLUDE_IN_FRAMEWORK_HEADER = YES;
				CLANG_WARN_RANGE_LOOP_ANALYSIS = YES;
				CLANG_WARN_STRICT_PROTOTYPES = YES;
				CLANG_WARN_SUSPICIOUS_MOVE = YES;
				CLANG_WARN_UNGUARDED_AVAILABILITY = YES_AGGRESSIVE;
				CLANG_WARN_UNREACHABLE_CODE = YES;
				CLANG_WARN__DUPLICATE_METHOD_MATCH = YES;
				COPY_PHASE_STRIP = NO;
				DEBUG_INFORMATION_FORMAT = dwarf;
				ENABLE_STRICT_OBJC_MSGSEND = YES;
				ENABLE_TESTABILITY = YES;
				GCC_C_LANGUAGE_STANDARD = gnu11;
				GCC_DYNAMIC_NO_PIC = NO;
				GCC_NO_COMMON_BLOCKS = YES;
				GCC_OPTIMIZATION_LEVEL = 0;
				GCC_PREPROCESSOR_DEFINITIONS = (
					"DEBUG=1",
					"$(inherited)",
				);
				GCC_WARN_64_TO_32_BIT_CONVERSION = YES;
				GCC_WARN_ABOUT_RETURN_TYPE = YES_ERROR;
				GCC_WARN_UNDECLARED_SELECTOR = YES;
				GCC_WARN_UNINITIALIZED_AUTOS = YES_AGGRESSIVE;
				GCC_WARN_UNUSED_FUNCTION = YES;
				GCC_WARN_UNUSED_VARIABLE = YES;
				IPHONEOS_DEPLOYMENT_TARGET = 14.5;
				MTL_ENABLE_DEBUG_INFO = INCLUDE_SOURCE;
				MTL_FAST_MATH = YES;
				ONLY_ACTIVE_ARCH = YES;
				SDKROOT = iphoneos;
				SWIFT_ACTIVE_COMPILATION_CONDITIONS = DEBUG;
				SWIFT_OPTIMIZATION_LEVEL = "-Onone";
			};
			name = Debug;
		};
		2D9A5C9A2721830A00C26735 /* Release */ = {
			isa = XCBuildConfiguration;
			buildSettings = {
				ALWAYS_SEARCH_USER_PATHS = NO;
				CLANG_ANALYZER_NONNULL = YES;
				CLANG_ANALYZER_NUMBER_OBJECT_CONVERSION = YES_AGGRESSIVE;
				CLANG_CXX_LANGUAGE_STANDARD = "gnu++14";
				CLANG_CXX_LIBRARY = "libc++";
				CLANG_ENABLE_MODULES = YES;
				CLANG_ENABLE_OBJC_ARC = YES;
				CLANG_ENABLE_OBJC_WEAK = YES;
				CLANG_WARN_BLOCK_CAPTURE_AUTORELEASING = YES;
				CLANG_WARN_BOOL_CONVERSION = YES;
				CLANG_WARN_COMMA = YES;
				CLANG_WARN_CONSTANT_CONVERSION = YES;
				CLANG_WARN_DEPRECATED_OBJC_IMPLEMENTATIONS = YES;
				CLANG_WARN_DIRECT_OBJC_ISA_USAGE = YES_ERROR;
				CLANG_WARN_DOCUMENTATION_COMMENTS = YES;
				CLANG_WARN_EMPTY_BODY = YES;
				CLANG_WARN_ENUM_CONVERSION = YES;
				CLANG_WARN_INFINITE_RECURSION = YES;
				CLANG_WARN_INT_CONVERSION = YES;
				CLANG_WARN_NON_LITERAL_NULL_CONVERSION = YES;
				CLANG_WARN_OBJC_IMPLICIT_RETAIN_SELF = YES;
				CLANG_WARN_OBJC_LITERAL_CONVERSION = YES;
				CLANG_WARN_OBJC_ROOT_CLASS = YES_ERROR;
				CLANG_WARN_QUOTED_INCLUDE_IN_FRAMEWORK_HEADER = YES;
				CLANG_WARN_RANGE_LOOP_ANALYSIS = YES;
				CLANG_WARN_STRICT_PROTOTYPES = YES;
				CLANG_WARN_SUSPICIOUS_MOVE = YES;
				CLANG_WARN_UNGUARDED_AVAILABILITY = YES_AGGRESSIVE;
				CLANG_WARN_UNREACHABLE_CODE = YES;
				CLANG_WARN__DUPLICATE_METHOD_MATCH = YES;
				COPY_PHASE_STRIP = NO;
				DEBUG_INFORMATION_FORMAT = "dwarf-with-dsym";
				ENABLE_NS_ASSERTIONS = NO;
				ENABLE_STRICT_OBJC_MSGSEND = YES;
				GCC_C_LANGUAGE_STANDARD = gnu11;
				GCC_NO_COMMON_BLOCKS = YES;
				GCC_WARN_64_TO_32_BIT_CONVERSION = YES;
				GCC_WARN_ABOUT_RETURN_TYPE = YES_ERROR;
				GCC_WARN_UNDECLARED_SELECTOR = YES;
				GCC_WARN_UNINITIALIZED_AUTOS = YES_AGGRESSIVE;
				GCC_WARN_UNUSED_FUNCTION = YES;
				GCC_WARN_UNUSED_VARIABLE = YES;
				IPHONEOS_DEPLOYMENT_TARGET = 14.5;
				MTL_ENABLE_DEBUG_INFO = NO;
				MTL_FAST_MATH = YES;
				SDKROOT = iphoneos;
				SWIFT_COMPILATION_MODE = wholemodule;
				SWIFT_OPTIMIZATION_LEVEL = "-O";
				VALIDATE_PRODUCT = YES;
			};
			name = Release;
		};
		2D9A5C9C2721830A00C26735 /* Debug */ = {
			isa = XCBuildConfiguration;
			buildSettings = {
				ASSETCATALOG_COMPILER_APPICON_NAME = AppIcon;
				ASSETCATALOG_COMPILER_GLOBAL_ACCENT_COLOR_NAME = AccentColor;
				CODE_SIGN_STYLE = Automatic;
				DEVELOPMENT_TEAM = 4R6R23ZPJ5;
				INFOPLIST_FILE = "Swift Practice # 98 Maroon5 YT Test/Info.plist";
				LD_RUNPATH_SEARCH_PATHS = (
					"$(inherited)",
					"@executable_path/Frameworks",
				);
				PRODUCT_BUNDLE_IDENTIFIER = "Dogpa.Swift-Practice---98-Maroon5-YT-Test";
				PRODUCT_NAME = "$(TARGET_NAME)";
				SWIFT_VERSION = 5.0;
				TARGETED_DEVICE_FAMILY = "1,2";
			};
			name = Debug;
		};
		2D9A5C9D2721830A00C26735 /* Release */ = {
			isa = XCBuildConfiguration;
			buildSettings = {
				ASSETCATALOG_COMPILER_APPICON_NAME = AppIcon;
				ASSETCATALOG_COMPILER_GLOBAL_ACCENT_COLOR_NAME = AccentColor;
				CODE_SIGN_STYLE = Automatic;
				DEVELOPMENT_TEAM = 4R6R23ZPJ5;
				INFOPLIST_FILE = "Swift Practice # 98 Maroon5 YT Test/Info.plist";
				LD_RUNPATH_SEARCH_PATHS = (
					"$(inherited)",
					"@executable_path/Frameworks",
				);
				PRODUCT_BUNDLE_IDENTIFIER = "Dogpa.Swift-Practice---98-Maroon5-YT-Test";
				PRODUCT_NAME = "$(TARGET_NAME)";
				SWIFT_VERSION = 5.0;
				TARGETED_DEVICE_FAMILY = "1,2";
			};
			name = Release;
		};
/* End XCBuildConfiguration section */

/* Begin XCConfigurationList section */
		2D9A5C822721830800C26735 /* Build configuration list for PBXProject "Swift Practice # 98 Maroon5 YT Test" */ = {
			isa = XCConfigurationList;
			buildConfigurations = (
				2D9A5C992721830A00C26735 /* Debug */,
				2D9A5C9A2721830A00C26735 /* Release */,
			);
			defaultConfigurationIsVisible = 0;
			defaultConfigurationName = Release;
		};
		2D9A5C9B2721830A00C26735 /* Build configuration list for PBXNativeTarget "Swift Practice # 98 Maroon5 YT Test" */ = {
			isa = XCConfigurationList;
			buildConfigurations = (
				2D9A5C9C2721830A00C26735 /* Debug */,
				2D9A5C9D2721830A00C26735 /* Release */,
			);
			defaultConfigurationIsVisible = 0;
			defaultConfigurationName = Release;
		};
/* End XCConfigurationList section */
	};
	rootObject = 2D9A5C7F2721830800C26735 /* Project object */;
}
